Microsoft Visual Studio Solution File, Format Version 8.00
Project("{FAE04EC0-301F-11D3-BF4B-00C04F79EFBC}") = "HONUS", "HONUS.csproj", "{1589A9BC-6F47-4BAF-BA78-7A8CB3AFE9C5}"
	ProjectSection(ProjectDependencies) = postProject
	EndProjectSection
EndProject
Global
	GlobalSection(SolutionConfiguration) = preSolution
		Debug = Debug
		Release = Release
	EndGlobalSection
	GlobalSection(ProjectConfiguration) = postSolution
		{1589A9BC-6F47-4BAF-BA78-7A8CB3AFE9C5}.Debug.ActiveCfg = Debug|.NET
		{1589A9BC-6F47-4BAF-BA78-7A8CB3AFE9C5}.Debug.Build.0 = Debug|.NET
		{1589A9BC-6F47-4BAF-BA78-7A8CB3AFE9C5}.Release.ActiveCfg = Release|.NET
		{1589A9BC-6F47-4BAF-BA78-7A8CB3AFE9C5}.Release.Build.0 = Release|.NET
	EndGlobalSection
	GlobalSection(ExtensibilityGlobals) = postSolution
	EndGlobalSection
	GlobalSection(ExtensibilityAddIns) = postSolution
	EndGlobalSection
EndGlobal
